lockfileVersion: "9.0"

settings:
    autoInstallPeers: true
    excludeLinksFromLockfile: false

importers:
    .:
        devDependencies:
            prettier:
                specifier: 3.8.3
                version: 3.8.3
            prettier-plugin-java:
                specifier: 2.10.1
                version: 2.10.1(prettier@3.8.3)

packages:
    prettier-plugin-java@2.10.1:
        resolution:
            {
                integrity: sha512-iz3o44Fx7F4S5gO+m8yU/aErGguSjMBXgDopkBpIMoz4XlD/PZt2naooUfqaru/1pU9Z94owpRnqXMe3P40peA==,
            }
        peerDependencies:
            prettier: ^3.0.0

    prettier@3.8.3:
        resolution:
            {
                integrity: sha512-7igPTM53cGHMW8xWuVTydi2KO233VFiTNyF5hLJqpilHfmn8C8gPf+PS7dUT64YcXFbiMGZxS9pCSxL/Dxm/Jw==,
            }
        engines: { node: ">=14" }
        hasBin: true

    web-tree-sitter@0.26.9:
        resolution:
            {
                integrity: sha512-YJwSHANl6XFgeEjB8nitgj0qZYt5gkIesJ4w2srS2wcLB4GUa4xcOkM0YaMsU6WNR53YVIkDSY7Ej4pf3IXtCA==,
            }

snapshots:
    prettier-plugin-java@2.10.1(prettier@3.8.3):
        dependencies:
            prettier: 3.8.3
            web-tree-sitter: 0.26.9

    prettier@3.8.3: {}

    web-tree-sitter@0.26.9: {}
